// !$*UTF8*$!
{
	archiveVersion = 1;
	classes = {
	};
	objectVersion = 46;
	objects = {

/* Begin PBXBuildFile section */
		074D44A313AB7B19004B7BCC /* UIKit.framework in Frameworks */ = {isa = PBXBuildFile; fileRef = 074D44A213AB7B19004B7BCC /* UIKit.framework */; };
		074D44A513AB7B19004B7BCC /* Foundation.framework in Frameworks */ = {isa = PBXBuildFile; fileRef = 074D44A413AB7B19004B7BCC /* Foundation.framework */; };
		074D44A713AB7B19004B7BCC /* CoreGraphics.framework in Frameworks */ = {isa = PBXBuildFile; fileRef = 074D44A613AB7B19004B7BCC /* CoreGraphics.framework */; };
		074D44AD13AB7B19004B7BCC /* InfoPlist.strings in Resources */ = {isa = PBXBuildFile; fileRef = 074D44AB13AB7B19004B7BCC /* InfoPlist.strings */; };
		074D44B013AB7B19004B7BCC /* main.m in Sources */ = {isa = PBXBuildFile; fileRef = 074D44AF13AB7B19004B7BCC /* main.m */; };
		074D44B313AB7B19004B7BCC /* HelloWorldAppDelegate.m in Sources */ = {isa = PBXBuildFile; fileRef = 074D44B213AB7B19004B7BCC /* HelloWorldAppDelegate.m */; };
		074D44B613AB7B19004B7BCC /* MainWindow.xib in Resources */ = {isa = PBXBuildFile; fileRef = 074D44B413AB7B19004B7BCC /* MainWindow.xib */; };
		074D44C213AB9957004B7BCC /* UIKit.framework in Frameworks */ = {isa = PBXBuildFile; fileRef = 074D44A213AB7B19004B7BCC /* UIKit.framework */; };
		074D44C313AB9957004B7BCC /* Foundation.framework in Frameworks */ = {isa = PBXBuildFile; fileRef = 074D44A413AB7B19004B7BCC /* Foundation.framework */; };
		074D44F013AB9B98004B7BCC /* OCDSpecDescription.m in Sources */ = {isa = PBXBuildFile; fileRef = 074D44DA13AB9B98004B7BCC /* OCDSpecDescription.m */; };
		074D44F113AB9B98004B7BCC /* OCDSpecDescriptionRunner.m in Sources */ = {isa = PBXBuildFile; fileRef = 074D44DC13AB9B98004B7BCC /* OCDSpecDescriptionRunner.m */; };
		074D44F213AB9B98004B7BCC /* OCDSpecExample.m in Sources */ = {isa = PBXBuildFile; fileRef = 074D44DE13AB9B98004B7BCC /* OCDSpecExample.m */; };
		074D44F313AB9B98004B7BCC /* OCDSpecExpectation.m in Sources */ = {isa = PBXBuildFile; fileRef = 074D44E013AB9B98004B7BCC /* OCDSpecExpectation.m */; };
		074D44F413AB9B98004B7BCC /* OCDSpecFail.m in Sources */ = {isa = PBXBuildFile; fileRef = 074D44E213AB9B98004B7BCC /* OCDSpecFail.m */; };
		074D44F513AB9B98004B7BCC /* OCDSpecOutputter+RedirectOutput.m in Sources */ = {isa = PBXBuildFile; fileRef = 074D44E413AB9B98004B7BCC /* OCDSpecOutputter+RedirectOutput.m */; };
		074D44F613AB9B98004B7BCC /* OCDSpecOutputter.m in Sources */ = {isa = PBXBuildFile; fileRef = 074D44E613AB9B98004B7BCC /* OCDSpecOutputter.m */; };
		074D44F713AB9B98004B7BCC /* OCDSpecSharedResults.m in Sources */ = {isa = PBXBuildFile; fileRef = 074D44E813AB9B98004B7BCC /* OCDSpecSharedResults.m */; };
		074D44F913AB9B98004B7BCC /* RunIPhoneUnitTest.sh in Resources */ = {isa = PBXBuildFile; fileRef = 074D44EB13AB9B98004B7BCC /* RunIPhoneUnitTest.sh */; };
		074D44FA13AB9B98004B7BCC /* unitTestMain.m in Sources */ = {isa = PBXBuildFile; fileRef = 074D44EC13AB9B98004B7BCC /* unitTestMain.m */; };
/* End PBXBuildFile section */

/* Begin PBXFileReference section */
		074D449E13AB7B19004B7BCC /* HelloWorld.app */ = {isa = PBXFileReference; explicitFileType = wrapper.application; includeInIndex = 0; path = HelloWorld.app; sourceTree = BUILT_PRODUCTS_DIR; };
		074D44A213AB7B19004B7BCC /* UIKit.framework */ = {isa = PBXFileReference; lastKnownFileType = wrapper.framework; name = UIKit.framework; path = System/Library/Frameworks/UIKit.framework; sourceTree = SDKROOT; };
		074D44A413AB7B19004B7BCC /* Foundation.framework */ = {isa = PBXFileReference; lastKnownFileType = wrapper.framework; name = Foundation.framework; path = System/Library/Frameworks/Foundation.framework; sourceTree = SDKROOT; };
		074D44A613AB7B19004B7BCC /* CoreGraphics.framework */ = {isa = PBXFileReference; lastKnownFileType = wrapper.framework; name = CoreGraphics.framework; path = System/Library/Frameworks/CoreGraphics.framework; sourceTree = SDKROOT; };
		074D44AA13AB7B19004B7BCC /* HelloWorld-Info.plist */ = {isa = PBXFileReference; lastKnownFileType = text.plist.xml; path = "HelloWorld-Info.plist"; sourceTree = "<group>"; };
		074D44AC13AB7B19004B7BCC /* en */ = {isa = PBXFileReference; lastKnownFileType = text.plist.strings; name = en; path = en.lproj/InfoPlist.strings; sourceTree = "<group>"; };
		074D44AE13AB7B19004B7BCC /* HelloWorld-Prefix.pch */ = {isa = PBXFileReference; lastKnownFileType = sourcecode.c.h; path = "HelloWorld-Prefix.pch"; sourceTree = "<group>"; };
		074D44AF13AB7B19004B7BCC /* main.m */ = {isa = PBXFileReference; lastKnownFileType = sourcecode.c.objc; path = main.m; sourceTree = "<group>"; };
		074D44B113AB7B19004B7BCC /* HelloWorldAppDelegate.h */ = {isa = PBXFileReference; lastKnownFileType = sourcecode.c.h; path = HelloWorldAppDelegate.h; sourceTree = "<group>"; };
		074D44B213AB7B19004B7BCC /* HelloWorldAppDelegate.m */ = {isa = PBXFileReference; lastKnownFileType = sourcecode.c.objc; path = HelloWorldAppDelegate.m; sourceTree = "<group>"; };
		074D44B513AB7B19004B7BCC /* en */ = {isa = PBXFileReference; lastKnownFileType = file.xib; name = en; path = en.lproj/MainWindow.xib; sourceTree = "<group>"; };
		074D44C013AB9957004B7BCC /* Specs.app */ = {isa = PBXFileReference; explicitFileType = wrapper.application; includeInIndex = 0; path = Specs.app; sourceTree = BUILT_PRODUCTS_DIR; };
		074D44D813AB9B98004B7BCC /* OCDSpec.h */ = {isa = PBXFileReference; fileEncoding = 4; lastKnownFileType = sourcecode.c.h; path = OCDSpec.h; sourceTree = "<group>"; };
		074D44D913AB9B98004B7BCC /* OCDSpecDescription.h */ = {isa = PBXFileReference; fileEncoding = 4; lastKnownFileType = sourcecode.c.h; path = OCDSpecDescription.h; sourceTree = "<group>"; };
		074D44DA13AB9B98004B7BCC /* OCDSpecDescription.m */ = {isa = PBXFileReference; fileEncoding = 4; lastKnownFileType = sourcecode.c.objc; path = OCDSpecDescription.m; sourceTree = "<group>"; };
		074D44DB13AB9B98004B7BCC /* OCDSpecDescriptionRunner.h */ = {isa = PBXFileReference; fileEncoding = 4; lastKnownFileType = sourcecode.c.h; path = OCDSpecDescriptionRunner.h; sourceTree = "<group>"; };
		074D44DC13AB9B98004B7BCC /* OCDSpecDescriptionRunner.m */ = {isa = PBXFileReference; fileEncoding = 4; lastKnownFileType = sourcecode.c.objc; path = OCDSpecDescriptionRunner.m; sourceTree = "<group>"; };
		074D44DD13AB9B98004B7BCC /* OCDSpecExample.h */ = {isa = PBXFileReference; fileEncoding = 4; lastKnownFileType = sourcecode.c.h; path = OCDSpecExample.h; sourceTree = "<group>"; };
		074D44DE13AB9B98004B7BCC /* OCDSpecExample.m */ = {isa = PBXFileReference; fileEncoding = 4; lastKnownFileType = sourcecode.c.objc; path = OCDSpecExample.m; sourceTree = "<group>"; };
		074D44DF13AB9B98004B7BCC /* OCDSpecExpectation.h */ = {isa = PBXFileReference; fileEncoding = 4; lastKnownFileType = sourcecode.c.h; path = OCDSpecExpectation.h; sourceTree = "<group>"; };
		074D44E013AB9B98004B7BCC /* OCDSpecExpectation.m */ = {isa = PBXFileReference; fileEncoding = 4; lastKnownFileType = sourcecode.c.objc; path = OCDSpecExpectation.m; sourceTree = "<group>"; };
		074D44E113AB9B98004B7BCC /* OCDSpecFail.h */ = {isa = PBXFileReference; fileEncoding = 4; lastKnownFileType = sourcecode.c.h; path = OCDSpecFail.h; sourceTree = "<group>"; };
		074D44E213AB9B98004B7BCC /* OCDSpecFail.m */ = {isa = PBXFileReference; fileEncoding = 4; lastKnownFileType = sourcecode.c.objc; path = OCDSpecFail.m; sourceTree = "<group>"; };
		074D44E313AB9B98004B7BCC /* OCDSpecOutputter+RedirectOutput.h */ = {isa = PBXFileReference; fileEncoding = 4; lastKnownFileType = sourcecode.c.h; path = "OCDSpecOutputter+RedirectOutput.h"; sourceTree = "<group>"; };
		074D44E413AB9B98004B7BCC /* OCDSpecOutputter+RedirectOutput.m */ = {isa = PBXFileReference; fileEncoding = 4; lastKnownFileType = sourcecode.c.objc; path = "OCDSpecOutputter+RedirectOutput.m"; sourceTree = "<group>"; };
		074D44E513AB9B98004B7BCC /* OCDSpecOutputter.h */ = {isa = PBXFileReference; fileEncoding = 4; lastKnownFileType = sourcecode.c.h; path = OCDSpecOutputter.h; sourceTree = "<group>"; };
		074D44E613AB9B98004B7BCC /* OCDSpecOutputter.m */ = {isa = PBXFileReference; fileEncoding = 4; lastKnownFileType = sourcecode.c.objc; path = OCDSpecOutputter.m; sourceTree = "<group>"; };
		074D44E713AB9B98004B7BCC /* OCDSpecSharedResults.h */ = {isa = PBXFileReference; fileEncoding = 4; lastKnownFileType = sourcecode.c.h; path = OCDSpecSharedResults.h; sourceTree = "<group>"; };
		074D44E813AB9B98004B7BCC /* OCDSpecSharedResults.m */ = {isa = PBXFileReference; fileEncoding = 4; lastKnownFileType = sourcecode.c.objc; path = OCDSpecSharedResults.m; sourceTree = "<group>"; };
		074D44EA13AB9B98004B7BCC /* macMain.m */ = {isa = PBXFileReference; fileEncoding = 4; lastKnownFileType = sourcecode.c.objc; path = macMain.m; sourceTree = "<group>"; };
		074D44EB13AB9B98004B7BCC /* RunIPhoneUnitTest.sh */ = {isa = PBXFileReference; fileEncoding = 4; lastKnownFileType = text.script.sh; path = RunIPhoneUnitTest.sh; sourceTree = "<group>"; };
		074D44EC13AB9B98004B7BCC /* unitTestMain.m */ = {isa = PBXFileReference; fileEncoding = 4; lastKnownFileType = sourcecode.c.objc; path = unitTestMain.m; sourceTree = "<group>"; };
		074D44EE13AB9B98004B7BCC /* DescriptionRunner.h */ = {isa = PBXFileReference; fileEncoding = 4; lastKnownFileType = sourcecode.c.h; path = DescriptionRunner.h; sourceTree = "<group>"; };
		074D44EF13AB9B98004B7BCC /* Example.h */ = {isa = PBXFileReference; fileEncoding = 4; lastKnownFileType = sourcecode.c.h; path = Example.h; sourceTree = "<group>"; };
		074D44FB13AB9C09004B7BCC /* unitTestMain.m */ = {isa = PBXFileReference; fileEncoding = 4; lastKnownFileType = sourcecode.c.objc; name = unitTestMain.m; path = Programs/unitTestMain.m; sourceTree = "<group>"; };
/* End PBXFileReference section */

/* Begin PBXFrameworksBuildPhase section */
		074D449B13AB7B19004B7BCC /* Frameworks */ = {
			isa = PBXFrameworksBuildPhase;
			buildActionMask = 2147483647;
			files = (
				074D44A313AB7B19004B7BCC /* UIKit.framework in Frameworks */,
				074D44A513AB7B19004B7BCC /* Foundation.framework in Frameworks */,
				074D44A713AB7B19004B7BCC /* CoreGraphics.framework in Frameworks */,
			);
			runOnlyForDeploymentPostprocessing = 0;
		};
		074D44BD13AB9957004B7BCC /* Frameworks */ = {
			isa = PBXFrameworksBuildPhase;
			buildActionMask = 2147483647;
			files = (
				074D44C213AB9957004B7BCC /* UIKit.framework in Frameworks */,
				074D44C313AB9957004B7BCC /* Foundation.framework in Frameworks */,
			);
			runOnlyForDeploymentPostprocessing = 0;
		};
/* End PBXFrameworksBuildPhase section */

/* Begin PBXGroup section */
		074D449313AB7B18004B7BCC = {
			isa = PBXGroup;
			children = (
				074D44A813AB7B19004B7BCC /* HelloWorld */,
				074D44C513AB9957004B7BCC /* Specs */,
				074D44A113AB7B19004B7BCC /* Frameworks */,
				074D449F13AB7B19004B7BCC /* Products */,
			);
			sourceTree = "<group>";
		};
		074D449F13AB7B19004B7BCC /* Products */ = {
			isa = PBXGroup;
			children = (
				074D449E13AB7B19004B7BCC /* HelloWorld.app */,
				074D44C013AB9957004B7BCC /* Specs.app */,
			);
			name = Products;
			sourceTree = "<group>";
		};
		074D44A113AB7B19004B7BCC /* Frameworks */ = {
			isa = PBXGroup;
			children = (
				074D44A213AB7B19004B7BCC /* UIKit.framework */,
				074D44A413AB7B19004B7BCC /* Foundation.framework */,
				074D44A613AB7B19004B7BCC /* CoreGraphics.framework */,
			);
			name = Frameworks;
			sourceTree = "<group>";
		};
		074D44A813AB7B19004B7BCC /* HelloWorld */ = {
			isa = PBXGroup;
			children = (
				074D44B113AB7B19004B7BCC /* HelloWorldAppDelegate.h */,
				074D44B213AB7B19004B7BCC /* HelloWorldAppDelegate.m */,
				074D44B413AB7B19004B7BCC /* MainWindow.xib */,
				074D44A913AB7B19004B7BCC /* Supporting Files */,
			);
			path = HelloWorld;
			sourceTree = "<group>";
		};
		074D44A913AB7B19004B7BCC /* Supporting Files */ = {
			isa = PBXGroup;
			children = (
				074D44AA13AB7B19004B7BCC /* HelloWorld-Info.plist */,
				074D44AB13AB7B19004B7BCC /* InfoPlist.strings */,
				074D44AE13AB7B19004B7BCC /* HelloWorld-Prefix.pch */,
				074D44AF13AB7B19004B7BCC /* main.m */,
			);
			name = "Supporting Files";
			sourceTree = "<group>";
		};
		074D44C513AB9957004B7BCC /* Specs */ = {
			isa = PBXGroup;
			children = (
				074D44D713AB9B98004B7BCC /* OCDSpec */,
				074D44C613AB9957004B7BCC /* Supporting Files */,
			);
			path = Specs;
			sourceTree = "<group>";
		};
		074D44C613AB9957004B7BCC /* Supporting Files */ = {
			isa = PBXGroup;
			children = (
			);
			name = "Supporting Files";
			sourceTree = "<group>";
		};
		074D44D713AB9B98004B7BCC /* OCDSpec */ = {
			isa = PBXGroup;
			children = (
				074D44FB13AB9C09004B7BCC /* unitTestMain.m */,
				074D44D813AB9B98004B7BCC /* OCDSpec.h */,
				074D44D913AB9B98004B7BCC /* OCDSpecDescription.h */,
				074D44DA13AB9B98004B7BCC /* OCDSpecDescription.m */,
				074D44DB13AB9B98004B7BCC /* OCDSpecDescriptionRunner.h */,
				074D44DC13AB9B98004B7BCC /* OCDSpecDescriptionRunner.m */,
				074D44DD13AB9B98004B7BCC /* OCDSpecExample.h */,
				074D44DE13AB9B98004B7BCC /* OCDSpecExample.m */,
				074D44DF13AB9B98004B7BCC /* OCDSpecExpectation.h */,
				074D44E013AB9B98004B7BCC /* OCDSpecExpectation.m */,
				074D44E113AB9B98004B7BCC /* OCDSpecFail.h */,
				074D44E213AB9B98004B7BCC /* OCDSpecFail.m */,
				074D44E313AB9B98004B7BCC /* OCDSpecOutputter+RedirectOutput.h */,
				074D44E413AB9B98004B7BCC /* OCDSpecOutputter+RedirectOutput.m */,
				074D44E513AB9B98004B7BCC /* OCDSpecOutputter.h */,
				074D44E613AB9B98004B7BCC /* OCDSpecOutputter.m */,
				074D44E713AB9B98004B7BCC /* OCDSpecSharedResults.h */,
				074D44E813AB9B98004B7BCC /* OCDSpecSharedResults.m */,
				074D44E913AB9B98004B7BCC /* Programs */,
				074D44ED13AB9B98004B7BCC /* Protocols */,
			);
			name = OCDSpec;
			path = OCDSpec/OCDSpec;
			sourceTree = SOURCE_ROOT;
		};
		074D44E913AB9B98004B7BCC /* Programs */ = {
			isa = PBXGroup;
			children = (
				074D44EA13AB9B98004B7BCC /* macMain.m */,
				074D44EB13AB9B98004B7BCC /* RunIPhoneUnitTest.sh */,
				074D44EC13AB9B98004B7BCC /* unitTestMain.m */,
			);
			path = Programs;
			sourceTree = "<group>";
		};
		074D44ED13AB9B98004B7BCC /* Protocols */ = {
			isa = PBXGroup;
			children = (
				074D44EE13AB9B98004B7BCC /* DescriptionRunner.h */,
				074D44EF13AB9B98004B7BCC /* Example.h */,
			);
			path = Protocols;
			sourceTree = "<group>";
		};
/* End PBXGroup section */

/* Begin PBXNativeTarget section */
		074D449D13AB7B19004B7BCC /* HelloWorld */ = {
			isa = PBXNativeTarget;
			buildConfigurationList = 074D44B913AB7B19004B7BCC /* Build configuration list for PBXNativeTarget "HelloWorld" */;
			buildPhases = (
				074D449A13AB7B19004B7BCC /* Sources */,
				074D449B13AB7B19004B7BCC /* Frameworks */,
				074D449C13AB7B19004B7BCC /* Resources */,
			);
			buildRules = (
			);
			dependencies = (
			);
			name = HelloWorld;
			productName = HelloWorld;
			productReference = 074D449E13AB7B19004B7BCC /* HelloWorld.app */;
			productType = "com.apple.product-type.application";
		};
		074D44BF13AB9957004B7BCC /* Specs */ = {
			isa = PBXNativeTarget;
			buildConfigurationList = 074D44D413AB9957004B7BCC /* Build configuration list for PBXNativeTarget "Specs" */;
			buildPhases = (
				074D44BC13AB9957004B7BCC /* Sources */,
				074D44BD13AB9957004B7BCC /* Frameworks */,
				074D44BE13AB9957004B7BCC /* Resources */,
				074D44FD13AB9CBF004B7BCC /* ShellScript */,
			);
			buildRules = (
			);
			dependencies = (
			);
			name = Specs;
			productName = Specs;
			productReference = 074D44C013AB9957004B7BCC /* Specs.app */;
			productType = "com.apple.product-type.application";
		};
/* End PBXNativeTarget section */

/* Begin PBXProject section */
		074D449513AB7B18004B7BCC /* Project object */ = {
			isa = PBXProject;
			attributes = {
				ORGANIZATIONNAME = "8th Light";
			};
			buildConfigurationList = 074D449813AB7B18004B7BCC /* Build configuration list for PBXProject "HelloWorld" */;
			compatibilityVersion = "Xcode 3.2";
			developmentRegion = English;
			hasScannedForEncodings = 0;
			knownRegions = (
				en,
			);
			mainGroup = 074D449313AB7B18004B7BCC;
			productRefGroup = 074D449F13AB7B19004B7BCC /* Products */;
			projectDirPath = "";
			projectRoot = "";
			targets = (
				074D449D13AB7B19004B7BCC /* HelloWorld */,
				074D44BF13AB9957004B7BCC /* Specs */,
			);
		};
/* End PBXProject section */

/* Begin PBXResourcesBuildPhase section */
		074D449C13AB7B19004B7BCC /* Resources */ = {
			isa = PBXResourcesBuildPhase;
			buildActionMask = 2147483647;
			files = (
				074D44AD13AB7B19004B7BCC /* InfoPlist.strings in Resources */,
				074D44B613AB7B19004B7BCC /* MainWindow.xib in Resources */,
			);
			runOnlyForDeploymentPostprocessing = 0;
		};
		074D44BE13AB9957004B7BCC /* Resources */ = {
			isa = PBXResourcesBuildPhase;
			buildActionMask = 2147483647;
			files = (
				074D44F913AB9B98004B7BCC /* RunIPhoneUnitTest.sh in Resources */,
			);
			runOnlyForDeploymentPostprocessing = 0;
		};
/* End PBXResourcesBuildPhase section */

/* Begin PBXShellScriptBuildPhase section */
		074D44FD13AB9CBF004B7BCC /* ShellScript */ = {
			isa = PBXShellScriptBuildPhase;
			buildActionMask = 2147483647;
			files = (
			);
			inputPaths = (
			);
			outputPaths = (
			);
			runOnlyForDeploymentPostprocessing = 0;
			shellPath = /bin/sh;
			shellScript = ./OCDSpec/OCDSpec/Programs/RunIPhoneUnitTest.sh;
		};
/* End PBXShellScriptBuildPhase section */

/* Begin PBXSourcesBuildPhase section */
		074D449A13AB7B19004B7BCC /* Sources */ = {
			isa = PBXSourcesBuildPhase;
			buildActionMask = 2147483647;
			files = (
				074D44B013AB7B19004B7BCC /* main.m in Sources */,
				074D44B313AB7B19004B7BCC /* HelloWorldAppDelegate.m in Sources */,
			);
			runOnlyForDeploymentPostprocessing = 0;
		};
		074D44BC13AB9957004B7BCC /* Sources */ = {
			isa = PBXSourcesBuildPhase;
			buildActionMask = 2147483647;
			files = (
				074D44F013AB9B98004B7BCC /* OCDSpecDescription.m in Sources */,
				074D44F113AB9B98004B7BCC /* OCDSpecDescriptionRunner.m in Sources */,
				074D44F213AB9B98004B7BCC /* OCDSpecExample.m in Sources */,
				074D44F313AB9B98004B7BCC /* OCDSpecExpectation.m in Sources */,
				074D44F413AB9B98004B7BCC /* OCDSpecFail.m in Sources */,
				074D44F513AB9B98004B7BCC /* OCDSpecOutputter+RedirectOutput.m in Sources */,
				074D44F613AB9B98004B7BCC /* OCDSpecOutputter.m in Sources */,
				074D44F713AB9B98004B7BCC /* OCDSpecSharedResults.m in Sources */,
				074D44FA13AB9B98004B7BCC /* unitTestMain.m in Sources */,
			);
			runOnlyForDeploymentPostprocessing = 0;
		};
/* End PBXSourcesBuildPhase section */

/* Begin PBXVariantGroup section */
		074D44AB13AB7B19004B7BCC /* InfoPlist.strings */ = {
			isa = PBXVariantGroup;
			children = (
				074D44AC13AB7B19004B7BCC /* en */,
			);
			name = InfoPlist.strings;
			sourceTree = "<group>";
		};
		074D44B413AB7B19004B7BCC /* MainWindow.xib */ = {
			isa = PBXVariantGroup;
			children = (
				074D44B513AB7B19004B7BCC /* en */,
			);
			name = MainWindow.xib;
			sourceTree = "<group>";
		};
/* End PBXVariantGroup section */

/* Begin XCBuildConfiguration section */
		074D44B713AB7B19004B7BCC /* Debug */ = {
			isa = XCBuildConfiguration;
			buildSettings = {
				ARCHS = "$(ARCHS_STANDARD_32_BIT)";
				"CODE_SIGN_IDENTITY[sdk=iphoneos*]" = "iPhone Developer";
				GCC_C_LANGUAGE_STANDARD = gnu99;
				GCC_OPTIMIZATION_LEVEL = 0;
				GCC_PREPROCESSOR_DEFINITIONS = DEBUG;
				GCC_SYMBOLS_PRIVATE_EXTERN = NO;
				GCC_VERSION = com.apple.compilers.llvmgcc42;
				GCC_WARN_ABOUT_RETURN_TYPE = YES;
				GCC_WARN_UNUSED_VARIABLE = YES;
				IPHONEOS_DEPLOYMENT_TARGET = 4.3;
				SDKROOT = iphoneos;
			};
			name = Debug;
		};
		074D44B813AB7B19004B7BCC /* Release */ = {
			isa = XCBuildConfiguration;
			buildSettings = {
				ARCHS = "$(ARCHS_STANDARD_32_BIT)";
				"CODE_SIGN_IDENTITY[sdk=iphoneos*]" = "iPhone Developer";
				GCC_C_LANGUAGE_STANDARD = gnu99;
				GCC_VERSION = com.apple.compilers.llvmgcc42;
				GCC_WARN_ABOUT_RETURN_TYPE = YES;
				GCC_WARN_UNUSED_VARIABLE = YES;
				IPHONEOS_DEPLOYMENT_TARGET = 4.3;
				OTHER_CFLAGS = "-DNS_BLOCK_ASSERTIONS=1";
				SDKROOT = iphoneos;
			};
			name = Release;
		};
		074D44BA13AB7B19004B7BCC /* Debug */ = {
			isa = XCBuildConfiguration;
			buildSettings = {
				ALWAYS_SEARCH_USER_PATHS = NO;
				COPY_PHASE_STRIP = NO;
				GCC_DYNAMIC_NO_PIC = NO;
				GCC_PRECOMPILE_PREFIX_HEADER = YES;
				GCC_PREFIX_HEADER = "HelloWorld/HelloWorld-Prefix.pch";
				INFOPLIST_FILE = "HelloWorld/HelloWorld-Info.plist";
				PRODUCT_NAME = "$(TARGET_NAME)";
				WRAPPER_EXTENSION = app;
			};
			name = Debug;
		};
		074D44BB13AB7B19004B7BCC /* Release */ = {
			isa = XCBuildConfiguration;
			buildSettings = {
				ALWAYS_SEARCH_USER_PATHS = NO;
				COPY_PHASE_STRIP = YES;
				GCC_PRECOMPILE_PREFIX_HEADER = YES;
				GCC_PREFIX_HEADER = "HelloWorld/HelloWorld-Prefix.pch";
				INFOPLIST_FILE = "HelloWorld/HelloWorld-Info.plist";
				PRODUCT_NAME = "$(TARGET_NAME)";
				VALIDATE_PRODUCT = YES;
				WRAPPER_EXTENSION = app;
			};
			name = Release;
		};
		074D44D513AB9957004B7BCC /* Debug */ = {
			isa = XCBuildConfiguration;
			buildSettings = {
				ALWAYS_SEARCH_USER_PATHS = NO;
				"CODE_SIGN_IDENTITY[sdk=iphoneos*]" = "iPhone Developer";
				COPY_PHASE_STRIP = NO;
				GCC_DYNAMIC_NO_PIC = NO;
				GCC_PRECOMPILE_PREFIX_HEADER = YES;
				GCC_PREFIX_HEADER = "${SDKROOT}/System/Library/Frameworks/UIKit.framework/Headers/UIKit.h";
				HEADER_SEARCH_PATHS = "${SRCROOT}/OCDSpec";
				INFOPLIST_FILE = "";
				PRODUCT_NAME = "$(TARGET_NAME)";
				WRAPPER_EXTENSION = app;
			};
			name = Debug;
		};
		074D44D613AB9957004B7BCC /* Release */ = {
			isa = XCBuildConfiguration;
			buildSettings = {
				ALWAYS_SEARCH_USER_PATHS = NO;
				"CODE_SIGN_IDENTITY[sdk=iphoneos*]" = "iPhone Developer";
				COPY_PHASE_STRIP = YES;
				GCC_PRECOMPILE_PREFIX_HEADER = YES;
				GCC_PREFIX_HEADER = "${SDKROOT}/System/Library/Frameworks/UIKit.framework/Headers/UIKit.h";
				HEADER_SEARCH_PATHS = "${SRCROOT}/OCDSpec";
				INFOPLIST_FILE = "";
				PRODUCT_NAME = "$(TARGET_NAME)";
				VALIDATE_PRODUCT = YES;
				WRAPPER_EXTENSION = app;
			};
			name = Release;
		};
/* End XCBuildConfiguration section */

/* Begin XCConfigurationList section */
		074D449813AB7B18004B7BCC /* Build configuration list for PBXProject "HelloWorld" */ = {
			isa = XCConfigurationList;
			buildConfigurations = (
				074D44B713AB7B19004B7BCC /* Debug */,
				074D44B813AB7B19004B7BCC /* Release */,
			);
			defaultConfigurationIsVisible = 0;
			defaultConfigurationName = Release;
		};
		074D44B913AB7B19004B7BCC /* Build configuration list for PBXNativeTarget "HelloWorld" */ = {
			isa = XCConfigurationList;
			buildConfigurations = (
				074D44BA13AB7B19004B7BCC /* Debug */,
				074D44BB13AB7B19004B7BCC /* Release */,
			);
			defaultConfigurationIsVisible = 0;
		};
		074D44D413AB9957004B7BCC /* Build configuration list for PBXNativeTarget "Specs" */ = {
			isa = XCConfigurationList;
			buildConfigurations = (
				074D44D513AB9957004B7BCC /* Debug */,
				074D44D613AB9957004B7BCC /* Release */,
			);
			defaultConfigurationIsVisible = 0;
		};
/* End XCConfigurationList section */
	};
	rootObject = 074D449513AB7B18004B7BCC /* Project object */;
}
